
Microsoft Visual Studio Solution File, Format Version 12.00
Project("{FAE04EC0-301F-11D3-BF4B-00C04F79EFBC}") = "SeleniumChallenge", "SeleniumChallenge\SeleniumChallenge.csproj", "{817BBFAB-799C-4728-A980-A634CB8F9911}"
EndProject
Global
	GlobalSection(SolutionConfigurationPlatforms) = preSolution
		Debug|Any CPU = Debug|Any CPU
		Release|Any CPU = Release|Any CPU
	EndGlobalSection
	GlobalSection(ProjectConfigurationPlatforms) = postSolution
		{817BBFAB-799C-4728-A980-A634CB8F9911}.Debug|Any CPU.ActiveCfg = Debug|Any CPU
		{817BBFAB-799C-4728-A980-A634CB8F9911}.Debug|Any CPU.Build.0 = Debug|Any CPU
		{817BBFAB-799C-4728-A980-A634CB8F9911}.Release|Any CPU.ActiveCfg = Release|Any CPU
		{817BBFAB-799C-4728-A980-A634CB8F9911}.Release|Any CPU.Build.0 = Release|Any CPU
	EndGlobalSection
EndGlobal
